
Microsoft Visual Studio Solution File, Format Version 12.00
# Visual Studio Version 17
VisualStudioVersion = 17.8.34525.116
MinimumVisualStudioVersion = 10.0.40219.1
Project("{2150E333-8FDC-42A3-9474-1A3956D46DE8}") = "src", "src", "{E00B9FC7-E44B-4914-BAFE-3C5A0F3DE656}"
EndProject
Project("{2150E333-8FDC-42A3-9474-1A3956D46DE8}") = "Bootstrapper", "Bootstrapper", "{BED992D2-3C2A-43B9-9A9A-FAB655ED1532}"
EndProject
Project("{2150E333-8FDC-42A3-9474-1A3956D46DE8}") = "Modules", "Modules", "{F8BBB746-1E91-4A86-80D3-F5DF94F7B357}"
EndProject
Project("{2150E333-8FDC-42A3-9474-1A3956D46DE8}") = "Shared", "Shared", "{8D4EB13B-19E0-484E-8B58-0F7737721058}"
EndProject
Project("{9A19103F-16F7-4668-BE54-9A1E7A4F7556}") = "Api", "Bootstrapper\Api\Api.csproj", "{7305ACB2-D0E4-4094-A06B-2E0FB80B22FC}"
EndProject
Project("{2150E333-8FDC-42A3-9474-1A3956D46DE8}") = "Catalog", "Catalog", "{744A681A-1184-4FC2-9DBE-D11767035D0E}"
EndProject
Project("{2150E333-8FDC-42A3-9474-1A3956D46DE8}") = "Basket", "Basket", "{38BBF997-9CE7-4995-B22E-2B8D0B4FECCC}"
EndProject
Project("{2150E333-8FDC-42A3-9474-1A3956D46DE8}") = "Ordering", "Ordering", "{CB54AE57-B6CD-4CBA-A473-B48929EC3871}"
EndProject
Project("{9A19103F-16F7-4668-BE54-9A1E7A4F7556}") = "Catalog", "Modules\Catalog\Catalog\Catalog.csproj", "{1FC9B3F5-6AA9-405E-8FDE-C4C8039AA54C}"
EndProject
Project("{9A19103F-16F7-4668-BE54-9A1E7A4F7556}") = "Basket", "Modules\Basket\Basket\Basket.csproj", "{F7B9D8B6-2FBD-46BF-B730-853C6754C526}"
EndProject
Project("{9A19103F-16F7-4668-BE54-9A1E7A4F7556}") = "Ordering", "Modules\Ordering\Ordering\Ordering.csproj", "{1C35E60E-67DA-415B-B5D7-685A98BBBB0C}"
EndProject
Project("{9A19103F-16F7-4668-BE54-9A1E7A4F7556}") = "Shared", "Shared\Shared\Shared.csproj", "{5E7ADB1E-D91E-4BBE-84B1-A6962FF60FE1}"
EndProject
Project("{E53339B2-1760-4266-BCC7-CA923CBCF16C}") = "docker-compose", "docker-compose.dcproj", "{CD559953-3FA0-4A6B-9F51-E55DF9620ACF}"
EndProject
Project("{9A19103F-16F7-4668-BE54-9A1E7A4F7556}") = "Shared.Contracts", "Shared\Shared.Contracts\Shared.Contracts.csproj", "{3953C326-3956-4F68-943A-9A24291EE7D3}"
EndProject
Project("{9A19103F-16F7-4668-BE54-9A1E7A4F7556}") = "Catalog.Contracts", "Modules\Catalog\Catalog.Contracts\Catalog.Contracts.csproj", "{5737E116-03D5-4C9F-80D4-44D6E457EF12}"
EndProject
Project("{FAE04EC0-301F-11D3-BF4B-00C04F79EFBC}") = "Shared.Messaging", "Shared\Shared.Messaging\Shared.Messaging.csproj", "{CDB8D932-5314-40D6-9884-48285F487624}"
EndProject
Global
	GlobalSection(SolutionConfigurationPlatforms) = preSolution
		Debug|Any CPU = Debug|Any CPU
		Release|Any CPU = Release|Any CPU
	EndGlobalSection
	GlobalSection(ProjectConfigurationPlatforms) = postSolution
		{7305ACB2-D0E4-4094-A06B-2E0FB80B22FC}.Debug|Any CPU.ActiveCfg = Debug|Any CPU
		{7305ACB2-D0E4-4094-A06B-2E0FB80B22FC}.Debug|Any CPU.Build.0 = Debug|Any CPU
		{7305ACB2-D0E4-4094-A06B-2E0FB80B22FC}.Release|Any CPU.ActiveCfg = Release|Any CPU
		{7305ACB2-D0E4-4094-A06B-2E0FB80B22FC}.Release|Any CPU.Build.0 = Release|Any CPU
		{1FC9B3F5-6AA9-405E-8FDE-C4C8039AA54C}.Debug|Any CPU.ActiveCfg = Debug|Any CPU
		{1FC9B3F5-6AA9-405E-8FDE-C4C8039AA54C}.Debug|Any CPU.Build.0 = Debug|Any CPU
		{1FC9B3F5-6AA9-405E-8FDE-C4C8039AA54C}.Release|Any CPU.ActiveCfg = Release|Any CPU
		{1FC9B3F5-6AA9-405E-8FDE-C4C8039AA54C}.Release|Any CPU.Build.0 = Release|Any CPU
		{F7B9D8B6-2FBD-46BF-B730-853C6754C526}.Debug|Any CPU.ActiveCfg = Debug|Any CPU
		{F7B9D8B6-2FBD-46BF-B730-853C6754C526}.Debug|Any CPU.Build.0 = Debug|Any CPU
		{F7B9D8B6-2FBD-46BF-B730-853C6754C526}.Release|Any CPU.ActiveCfg = Release|Any CPU
		{F7B9D8B6-2FBD-46BF-B730-853C6754C526}.Release|Any CPU.Build.0 = Release|Any CPU
		{1C35E60E-67DA-415B-B5D7-685A98BBBB0C}.Debug|Any CPU.ActiveCfg = Debug|Any CPU
		{1C35E60E-67DA-415B-B5D7-685A98BBBB0C}.Debug|Any CPU.Build.0 = Debug|Any CPU
		{1C35E60E-67DA-415B-B5D7-685A98BBBB0C}.Release|Any CPU.ActiveCfg = Release|Any CPU
		{1C35E60E-67DA-415B-B5D7-685A98BBBB0C}.Release|Any CPU.Build.0 = Release|Any CPU
		{5E7ADB1E-D91E-4BBE-84B1-A6962FF60FE1}.Debug|Any CPU.ActiveCfg = Debug|Any CPU
		{5E7ADB1E-D91E-4BBE-84B1-A6962FF60FE1}.Debug|Any CPU.Build.0 = Debug|Any CPU
		{5E7ADB1E-D91E-4BBE-84B1-A6962FF60FE1}.Release|Any CPU.ActiveCfg = Release|Any CPU
		{5E7ADB1E-D91E-4BBE-84B1-A6962FF60FE1}.Release|Any CPU.Build.0 = Release|Any CPU
		{CD559953-3FA0-4A6B-9F51-E55DF9620ACF}.Debug|Any CPU.ActiveCfg = Debug|Any CPU
		{CD559953-3FA0-4A6B-9F51-E55DF9620ACF}.Debug|Any CPU.Build.0 = Debug|Any CPU
		{CD559953-3FA0-4A6B-9F51-E55DF9620ACF}.Release|Any CPU.ActiveCfg = Release|Any CPU
		{CD559953-3FA0-4A6B-9F51-E55DF9620ACF}.Release|Any CPU.Build.0 = Release|Any CPU
		{3953C326-3956-4F68-943A-9A24291EE7D3}.Debug|Any CPU.ActiveCfg = Debug|Any CPU
		{3953C326-3956-4F68-943A-9A24291EE7D3}.Debug|Any CPU.Build.0 = Debug|Any CPU
		{3953C326-3956-4F68-943A-9A24291EE7D3}.Release|Any CPU.ActiveCfg = Release|Any CPU
		{3953C326-3956-4F68-943A-9A24291EE7D3}.Release|Any CPU.Build.0 = Release|Any CPU
		{5737E116-03D5-4C9F-80D4-44D6E457EF12}.Debug|Any CPU.ActiveCfg = Debug|Any CPU
		{5737E116-03D5-4C9F-80D4-44D6E457EF12}.Debug|Any CPU.Build.0 = Debug|Any CPU
		{5737E116-03D5-4C9F-80D4-44D6E457EF12}.Release|Any CPU.ActiveCfg = Release|Any CPU
		{5737E116-03D5-4C9F-80D4-44D6E457EF12}.Release|Any CPU.Build.0 = Release|Any CPU
		{CDB8D932-5314-40D6-9884-48285F487624}.Debug|Any CPU.ActiveCfg = Debug|Any CPU
		{CDB8D932-5314-40D6-9884-48285F487624}.Debug|Any CPU.Build.0 = Debug|Any CPU
		{CDB8D932-5314-40D6-9884-48285F487624}.Release|Any CPU.ActiveCfg = Release|Any CPU
		{CDB8D932-5314-40D6-9884-48285F487624}.Release|Any CPU.Build.0 = Release|Any CPU
	EndGlobalSection
	GlobalSection(SolutionProperties) = preSolution
		HideSolutionNode = FALSE
	EndGlobalSection
	GlobalSection(NestedProjects) = preSolution
		{BED992D2-3C2A-43B9-9A9A-FAB655ED1532} = {E00B9FC7-E44B-4914-BAFE-3C5A0F3DE656}
		{F8BBB746-1E91-4A86-80D3-F5DF94F7B357} = {E00B9FC7-E44B-4914-BAFE-3C5A0F3DE656}
		{8D4EB13B-19E0-484E-8B58-0F7737721058} = {E00B9FC7-E44B-4914-BAFE-3C5A0F3DE656}
		{7305ACB2-D0E4-4094-A06B-2E0FB80B22FC} = {BED992D2-3C2A-43B9-9A9A-FAB655ED1532}
		{744A681A-1184-4FC2-9DBE-D11767035D0E} = {F8BBB746-1E91-4A86-80D3-F5DF94F7B357}
		{38BBF997-9CE7-4995-B22E-2B8D0B4FECCC} = {F8BBB746-1E91-4A86-80D3-F5DF94F7B357}
		{CB54AE57-B6CD-4CBA-A473-B48929EC3871} = {F8BBB746-1E91-4A86-80D3-F5DF94F7B357}
		{1FC9B3F5-6AA9-405E-8FDE-C4C8039AA54C} = {744A681A-1184-4FC2-9DBE-D11767035D0E}
		{F7B9D8B6-2FBD-46BF-B730-853C6754C526} = {38BBF997-9CE7-4995-B22E-2B8D0B4FECCC}
		{1C35E60E-67DA-415B-B5D7-685A98BBBB0C} = {CB54AE57-B6CD-4CBA-A473-B48929EC3871}
		{5E7ADB1E-D91E-4BBE-84B1-A6962FF60FE1} = {8D4EB13B-19E0-484E-8B58-0F7737721058}
		{3953C326-3956-4F68-943A-9A24291EE7D3} = {8D4EB13B-19E0-484E-8B58-0F7737721058}
		{5737E116-03D5-4C9F-80D4-44D6E457EF12} = {744A681A-1184-4FC2-9DBE-D11767035D0E}
		{CDB8D932-5314-40D6-9884-48285F487624} = {8D4EB13B-19E0-484E-8B58-0F7737721058}
	EndGlobalSection
	GlobalSection(ExtensibilityGlobals) = postSolution
		SolutionGuid = {1CF22FDA-2104-422C-ADA2-1C1545798E57}
	EndGlobalSection
EndGlobal
